<?xml version="1.0" encoding="utf-8"?>
<Project ToolsVersion="4.0" xmlns="http://schemas.microsoft.com/developer/msbuild/2003">
  <ItemGroup>
    <Filter Include="Source Files">
      <UniqueIdentifier>{5fa1acdd-4cb8-4642-8e28-237efe9cb4fb}</UniqueIdentifier>
      <Extensions>cpp;c;cxx;rc;def;r;odl;idl;hpj;bat</Extensions>
    </Filter>
    <Filter Include="Source Files\core">
      <UniqueIdentifier>{1383a6e6-439b-4367-9437-e6c36e017160}</UniqueIdentifier>
    </Filter>
    <Filter Include="Source Files\gfx">
      <UniqueIdentifier>{f734cfed-1e51-4588-b2bf-f8c063379c4b}</UniqueIdentifier>
    </Filter>
    <Filter Include="Source Files\alpha">
      <UniqueIdentifier>{e703bccc-08e8-44e9-b168-4cb8a1b1e1f0}</UniqueIdentifier>
    </Filter>
    <Filter Include="Header Files">
      <UniqueIdentifier>{707a6c78-9c34-4b10-a3fa-4c0101634572}</UniqueIdentifier>
      <Extensions>h;hpp;hxx;hm;inl</Extensions>
    </Filter>
    <Filter Include="Resource Files">
      <UniqueIdentifier>{4ddf5f3f-3af7-4f7c-8994-3dcb18abe979}</UniqueIdentifier>
      <Extensions>ico;cur;bmp;dlg;rc2;rct;bin;rgs;gif;jpg;jpeg;jpe</Extensions>
    </Filter>
  </ItemGroup>
  <ItemGroup>
    <ClCompile Include="cDelayNextAction.cpp">
      <Filter>Source Files</Filter>
    </ClCompile>
    <ClCompile Include="cGameMainGfx.cpp">
      <Filter>Source Files</Filter>
    </ClCompile>
    <ClCompile Include="cHightScoreMgr.cpp">
      <Filter>Source Files</Filter>
    </ClCompile>
    <ClCompile Include="cMenuMgr.cpp">
      <Filter>Source Files</Filter>
    </ClCompile>
    <ClCompile Include="cMusicManager.cpp">
      <Filter>Source Files</Filter>
    </ClCompile>
    <ClCompile Include="credits.cpp">
      <Filter>Source Files</Filter>
    </ClCompile>
    <ClCompile Include="cSettings.cpp">
      <Filter>Source Files</Filter>
    </ClCompile>
    <ClCompile Include="cTipoDiMazzo.cpp">
      <Filter>Source Files</Filter>
    </ClCompile>
    <ClCompile Include="EngineApp.cpp">
      <Filter>Source Files</Filter>
    </ClCompile>
    <ClCompile Include="fading.cpp">
      <Filter>Source Files</Filter>
    </ClCompile>
    <ClCompile Include="lang_gen.cpp">
      <Filter>Source Files</Filter>
    </ClCompile>
    <ClCompile Include="main.cpp">
      <Filter>Source Files</Filter>
    </ClCompile>
    <ClCompile Include="regkey.cpp">
      <Filter>Source Files</Filter>
    </ClCompile>
    <ClCompile Include="StdAfx.cpp">
      <Filter>Source Files</Filter>
    </ClCompile>
    <ClCompile Include="..\TreCore\AlgSupport.cpp">
      <Filter>Source Files\core</Filter>
    </ClCompile>
    <ClCompile Include="..\TreCore\cAlgDefault.cpp">
      <Filter>Source Files\core</Filter>
    </ClCompile>
    <ClCompile Include="..\TreCore\cAlgNetClientPlayer.cpp">
      <Filter>Source Files\core</Filter>
    </ClCompile>
    <ClCompile Include="..\TreCore\cAlgPlugin.cpp">
      <Filter>Source Files\core</Filter>
    </ClCompile>
    <ClCompile Include="..\TreCore\cAlgPythonPlayer.cpp">
      <Filter>Source Files\core</Filter>
    </ClCompile>
    <ClCompile Include="..\TreCore\CardSpec.cpp">
      <Filter>Source Files\core</Filter>
    </ClCompile>
    <ClCompile Include="..\TreCore\cCoreEngine.cpp">
      <Filter>Source Files\core</Filter>
    </ClCompile>
    <ClCompile Include="..\TreCore\cGiocata.cpp">
      <Filter>Source Files\core</Filter>
    </ClCompile>
    <ClCompile Include="..\TreCore\cMano.cpp">
      <Filter>Source Files\core</Filter>
    </ClCompile>
    <ClCompile Include="..\TreCore\cMatchPoints.cpp">
      <Filter>Source Files\core</Filter>
    </ClCompile>
    <ClCompile Include="..\TreCore\cMazzo.cpp">
      <Filter>Source Files\core</Filter>
    </ClCompile>
    <ClCompile Include="..\TreCore\cPartita.cpp">
      <Filter>Source Files\core</Filter>
    </ClCompile>
    <ClCompile Include="..\TreCore\cPlayer.cpp">
      <Filter>Source Files\core</Filter>
    </ClCompile>
    <ClCompile Include="..\TreCore\cPlayersOnTable.cpp">
      <Filter>Source Files\core</Filter>
    </ClCompile>
    <ClCompile Include="..\TreCore\cPlayerStatistic.cpp">
      <Filter>Source Files\core</Filter>
    </ClCompile>
    <ClCompile Include="..\TreCore\cProbality.cpp">
      <Filter>Source Files\core</Filter>
    </ClCompile>
    <ClCompile Include="..\TreCore\PythonExport.cpp">
      <Filter>Source Files\core</Filter>
    </ClCompile>
    <ClCompile Include="..\TreCore\TraceService.cpp">
      <Filter>Source Files\core</Filter>
    </ClCompile>
    <ClCompile Include="cCardGfx.cpp">
      <Filter>Source Files\gfx</Filter>
    </ClCompile>
    <ClCompile Include="EnterNameGfx.cpp">
      <Filter>Source Files\gfx</Filter>
    </ClCompile>
    <ClCompile Include="OptionDeckGfx.cpp">
      <Filter>Source Files\gfx</Filter>
    </ClCompile>
    <ClCompile Include="OptionGameGfx.cpp">
      <Filter>Source Files\gfx</Filter>
    </ClCompile>
    <ClCompile Include="OptionGfx.cpp">
      <Filter>Source Files\gfx</Filter>
    </ClCompile>
    <ClCompile Include="..\MySearchAlpha\cAlgABSolver.cpp">
      <Filter>Source Files\alpha</Filter>
    </ClCompile>
    <ClCompile Include="..\MySearchAlpha\cCardItem.cpp">
      <Filter>Source Files\alpha</Filter>
    </ClCompile>
    <ClCompile Include="..\MySearchAlpha\cHand.cpp">
      <Filter>Source Files\alpha</Filter>
    </ClCompile>
    <ClCompile Include="..\MySearchAlpha\cStateAB.cpp">
      <Filter>Source Files\alpha</Filter>
    </ClCompile>
    <ClCompile Include="..\MySearchAlpha\TrickHistory.cpp">
      <Filter>Source Files\alpha</Filter>
    </ClCompile>
  </ItemGroup>
  <ItemGroup>
    <ClInclude Include="cDelayNextAction.h">
      <Filter>Source Files</Filter>
    </ClInclude>
    <ClInclude Include="cGameMainGfx.h">
      <Filter>Source Files</Filter>
    </ClInclude>
    <ClInclude Include="cHightScoreMgr.h">
      <Filter>Source Files</Filter>
    </ClInclude>
    <ClInclude Include="cMenuMgr.h">
      <Filter>Source Files</Filter>
    </ClInclude>
    <ClInclude Include="cMusicManager.h">
      <Filter>Source Files</Filter>
    </ClInclude>
    <ClInclude Include="credits.h">
      <Filter>Source Files</Filter>
    </ClInclude>
    <ClInclude Include="cSettings.h">
      <Filter>Source Files</Filter>
    </ClInclude>
    <ClInclude Include="cTipoDiMazzo.h">
      <Filter>Source Files</Filter>
    </ClInclude>
    <ClInclude Include="EngineApp.h">
      <Filter>Source Files</Filter>
    </ClInclude>
    <ClInclude Include="fading.h">
      <Filter>Source Files</Filter>
    </ClInclude>
    <ClInclude Include="lang_gen.h">
      <Filter>Source Files</Filter>
    </ClInclude>
    <ClInclude Include="regkey.h">
      <Filter>Source Files</Filter>
    </ClInclude>
    <ClInclude Include="resource.h">
      <Filter>Source Files</Filter>
    </ClInclude>
    <ClInclude Include="StdAfx.h">
      <Filter>Source Files</Filter>
    </ClInclude>
    <ClInclude Include="..\TreCore\AlgCompareFunct.h">
      <Filter>Source Files\core</Filter>
    </ClInclude>
    <ClInclude Include="..\TreCore\AlgPlayerInterface.h">
      <Filter>Source Files\core</Filter>
    </ClInclude>
    <ClInclude Include="..\TreCore\AlgSupport.h">
      <Filter>Source Files\core</Filter>
    </ClInclude>
    <ClInclude Include="..\TreCore\cAlgDefault.h">
      <Filter>Source Files\core</Filter>
    </ClInclude>
    <ClInclude Include="..\TreCore\cAlgNetClientPlayer.h">
      <Filter>Source Files\core</Filter>
    </ClInclude>
    <ClInclude Include="..\TreCore\cAlgPlugin.h">
      <Filter>Source Files\core</Filter>
    </ClInclude>
    <ClInclude Include="..\TreCore\cAlgPythonPlayer.h">
      <Filter>Source Files\core</Filter>
    </ClInclude>
    <ClInclude Include="..\TreCore\CardSpec.h">
      <Filter>Source Files\core</Filter>
    </ClInclude>
    <ClInclude Include="..\TreCore\cCoreEngine.h">
      <Filter>Source Files\core</Filter>
    </ClInclude>
    <ClInclude Include="..\TreCore\cGiocata.h">
      <Filter>Source Files\core</Filter>
    </ClInclude>
    <ClInclude Include="..\TreCore\cMano.h">
      <Filter>Source Files\core</Filter>
    </ClInclude>
    <ClInclude Include="..\TreCore\cMatchPoints.h">
      <Filter>Source Files\core</Filter>
    </ClInclude>
    <ClInclude Include="..\TreCore\cMazzo.h">
      <Filter>Source Files\core</Filter>
    </ClInclude>
    <ClInclude Include="..\TreCore\CoreEnv.h">
      <Filter>Source Files\core</Filter>
    </ClInclude>
    <ClInclude Include="..\TreCore\cPartita.h">
      <Filter>Source Files\core</Filter>
    </ClInclude>
    <ClInclude Include="..\TreCore\cPlayer.h">
      <Filter>Source Files\core</Filter>
    </ClInclude>
    <ClInclude Include="..\TreCore\cPlayersOnTable.h">
      <Filter>Source Files\core</Filter>
    </ClInclude>
    <ClInclude Include="..\TreCore\cPlayerStatistic.h">
      <Filter>Source Files\core</Filter>
    </ClInclude>
    <ClInclude Include="..\TreCore\cProbality.h">
      <Filter>Source Files\core</Filter>
    </ClInclude>
    <ClInclude Include="..\TreCore\fuzzy.h">
      <Filter>Source Files\core</Filter>
    </ClInclude>
    <ClInclude Include="..\TreCore\InfoComm.h">
      <Filter>Source Files\core</Filter>
    </ClInclude>
    <ClInclude Include="..\TreCore\PythonExport.h">
      <Filter>Source Files\core</Filter>
    </ClInclude>
    <ClInclude Include="..\TreCore\save_utility.h">
      <Filter>Source Files\core</Filter>
    </ClInclude>
    <ClInclude Include="..\TreCore\TraceService.h">
      <Filter>Source Files\core</Filter>
    </ClInclude>
    <ClInclude Include="cCardGfx.h">
      <Filter>Source Files\gfx</Filter>
    </ClInclude>
    <ClInclude Include="EnterNameGfx.h">
      <Filter>Source Files\gfx</Filter>
    </ClInclude>
    <ClInclude Include="OptionDeckGfx.h">
      <Filter>Source Files\gfx</Filter>
    </ClInclude>
    <ClInclude Include="OptionGameGfx.h">
      <Filter>Source Files\gfx</Filter>
    </ClInclude>
    <ClInclude Include="OptionGfx.h">
      <Filter>Source Files\gfx</Filter>
    </ClInclude>
    <ClInclude Include="..\MySearchAlpha\cAlgABSolver.h">
      <Filter>Source Files\alpha</Filter>
    </ClInclude>
    <ClInclude Include="..\MySearchAlpha\cCardItem.h">
      <Filter>Source Files\alpha</Filter>
    </ClInclude>
    <ClInclude Include="..\MySearchAlpha\cHand.h">
      <Filter>Source Files\alpha</Filter>
    </ClInclude>
    <ClInclude Include="..\MySearchAlpha\cStateAB.h">
      <Filter>Source Files\alpha</Filter>
    </ClInclude>
    <ClInclude Include="..\MySearchAlpha\TrickHistory.h">
      <Filter>Source Files\alpha</Filter>
    </ClInclude>
    <ClInclude Include="..\TreCore\ErrorMsg.h">
      <Filter>Header Files</Filter>
    </ClInclude>
    <ClInclude Include="..\..\include\win_type_global.h">
      <Filter>Header Files</Filter>
    </ClInclude>
  </ItemGroup>
  <ItemGroup>
    <ResourceCompile Include="tre.rc">
      <Filter>Source Files</Filter>
    </ResourceCompile>
  </ItemGroup>
  <ItemGroup>
    <Image Include="tre.ico">
      <Filter>Resource Files</Filter>
    </Image>
  </ItemGroup>
</Project>